
Microsoft Visual Studio Solution File, Format Version 12.00
# Visual Studio 2013
VisualStudioVersion = 12.0.31101.0
MinimumVisualStudioVersion = 10.0.40219.1
Project("{FAE04EC0-301F-11D3-BF4B-00C04F79EFBC}") = "Domain", "Domain\Domain.csproj", "{9F54DC56-B744-4929-840C-6998740BF011}"
EndProject
Project("{FAE04EC0-301F-11D3-BF4B-00C04F79EFBC}") = "Services", "Services\Services.csproj", "{755E9F8B-0A19-4551-98F2-BDA003D7499E}"
EndProject
Project("{FAE04EC0-301F-11D3-BF4B-00C04F79EFBC}") = "TestApp", "TestApp\TestApp.csproj", "{1D282398-4173-43EE-BB0B-EAD88CF88EE4}"
EndProject
Project("{FAE04EC0-301F-11D3-BF4B-00C04F79EFBC}") = "Services.Tests", "Services.Tests\Services.Tests.csproj", "{0465E613-74A3-4751-B675-E347CF4C875B}"
EndProject
Project("{FAE04EC0-301F-11D3-BF4B-00C04F79EFBC}") = "TestHelpers", "TestHelpers\TestHelpers.csproj", "{C6F7F7E5-4394-4C57-961C-B53FEC3949CF}"
EndProject
Project("{FAE04EC0-301F-11D3-BF4B-00C04F79EFBC}") = "Queries", "Queries\Queries.csproj", "{409662CD-A00E-48C4-975E-4F81EEE39EC8}"
EndProject
Global
	GlobalSection(SolutionConfigurationPlatforms) = preSolution
		Debug|Any CPU = Debug|Any CPU
		Release|Any CPU = Release|Any CPU
	EndGlobalSection
	GlobalSection(ProjectConfigurationPlatforms) = postSolution
		{9F54DC56-B744-4929-840C-6998740BF011}.Debug|Any CPU.ActiveCfg = Debug|Any CPU
		{9F54DC56-B744-4929-840C-6998740BF011}.Debug|Any CPU.Build.0 = Debug|Any CPU
		{9F54DC56-B744-4929-840C-6998740BF011}.Release|Any CPU.ActiveCfg = Release|Any CPU
		{9F54DC56-B744-4929-840C-6998740BF011}.Release|Any CPU.Build.0 = Release|Any CPU
		{755E9F8B-0A19-4551-98F2-BDA003D7499E}.Debug|Any CPU.ActiveCfg = Debug|Any CPU
		{755E9F8B-0A19-4551-98F2-BDA003D7499E}.Debug|Any CPU.Build.0 = Debug|Any CPU
		{755E9F8B-0A19-4551-98F2-BDA003D7499E}.Release|Any CPU.ActiveCfg = Release|Any CPU
		{755E9F8B-0A19-4551-98F2-BDA003D7499E}.Release|Any CPU.Build.0 = Release|Any CPU
		{1D282398-4173-43EE-BB0B-EAD88CF88EE4}.Debug|Any CPU.ActiveCfg = Debug|Any CPU
		{1D282398-4173-43EE-BB0B-EAD88CF88EE4}.Debug|Any CPU.Build.0 = Debug|Any CPU
		{1D282398-4173-43EE-BB0B-EAD88CF88EE4}.Release|Any CPU.ActiveCfg = Release|Any CPU
		{1D282398-4173-43EE-BB0B-EAD88CF88EE4}.Release|Any CPU.Build.0 = Release|Any CPU
		{0465E613-74A3-4751-B675-E347CF4C875B}.Debug|Any CPU.ActiveCfg = Debug|Any CPU
		{0465E613-74A3-4751-B675-E347CF4C875B}.Debug|Any CPU.Build.0 = Debug|Any CPU
		{0465E613-74A3-4751-B675-E347CF4C875B}.Release|Any CPU.ActiveCfg = Release|Any CPU
		{0465E613-74A3-4751-B675-E347CF4C875B}.Release|Any CPU.Build.0 = Release|Any CPU
		{C6F7F7E5-4394-4C57-961C-B53FEC3949CF}.Debug|Any CPU.ActiveCfg = Debug|Any CPU
		{C6F7F7E5-4394-4C57-961C-B53FEC3949CF}.Debug|Any CPU.Build.0 = Debug|Any CPU
		{C6F7F7E5-4394-4C57-961C-B53FEC3949CF}.Release|Any CPU.ActiveCfg = Release|Any CPU
		{C6F7F7E5-4394-4C57-961C-B53FEC3949CF}.Release|Any CPU.Build.0 = Release|Any CPU
		{409662CD-A00E-48C4-975E-4F81EEE39EC8}.Debug|Any CPU.ActiveCfg = Debug|Any CPU
		{409662CD-A00E-48C4-975E-4F81EEE39EC8}.Debug|Any CPU.Build.0 = Debug|Any CPU
		{409662CD-A00E-48C4-975E-4F81EEE39EC8}.Release|Any CPU.ActiveCfg = Release|Any CPU
		{409662CD-A00E-48C4-975E-4F81EEE39EC8}.Release|Any CPU.Build.0 = Release|Any CPU
	EndGlobalSection
	GlobalSection(SolutionProperties) = preSolution
		HideSolutionNode = FALSE
	EndGlobalSection
EndGlobal
